
Microsoft Visual Studio Solution File, Format Version 12.00
# Visual Studio Version 17
VisualStudioVersion = 17.14.36221.1 d17.14
MinimumVisualStudioVersion = 10.0.40219.1
Project("{FAE04EC0-301F-11D3-BF4B-00C04F79EFBC}") = "producer", "producer.csproj", "{7EC56DFD-AF25-4F03-8E37-BE6B9612B76C}"
EndProject
Global
	GlobalSection(SolutionConfigurationPlatforms) = preSolution
		Debug|Any CPU = Debug|Any CPU
		Release|Any CPU = Release|Any CPU
	EndGlobalSection
	GlobalSection(ProjectConfigurationPlatforms) = postSolution
		{7EC56DFD-AF25-4F03-8E37-BE6B9612B76C}.Debug|Any CPU.ActiveCfg = Debug|Any CPU
		{7EC56DFD-AF25-4F03-8E37-BE6B9612B76C}.Debug|Any CPU.Build.0 = Debug|Any CPU
		{7EC56DFD-AF25-4F03-8E37-BE6B9612B76C}.Release|Any CPU.ActiveCfg = Release|Any CPU
		{7EC56DFD-AF25-4F03-8E37-BE6B9612B76C}.Release|Any CPU.Build.0 = Release|Any CPU
	EndGlobalSection
	GlobalSection(SolutionProperties) = preSolution
		HideSolutionNode = FALSE
	EndGlobalSection
	GlobalSection(ExtensibilityGlobals) = postSolution
		SolutionGuid = {1BA99AAB-5D1F-456D-9424-5423CAE645C4}
	EndGlobalSection
EndGlobal
